
Microsoft Visual Studio Solution File, Format Version 12.00
Project("{FAE04EC0-301F-11D3-BF4B-00C04F79EFBC}") = "VL.TimelineCore", "VL.TimelineCore\VL.TimelineCore.csproj", "{9381675C-8DE7-4CE2-ACAF-82DE62E597EE}"
EndProject
Global
	GlobalSection(SolutionConfigurationPlatforms) = preSolution
		Debug|Any CPU = Debug|Any CPU
		Release|Any CPU = Release|Any CPU
	EndGlobalSection
	GlobalSection(ProjectConfigurationPlatforms) = postSolution
		{9381675C-8DE7-4CE2-ACAF-82DE62E597EE}.Debug|Any CPU.ActiveCfg = Debug|Any CPU
		{9381675C-8DE7-4CE2-ACAF-82DE62E597EE}.Debug|Any CPU.Build.0 = Debug|Any CPU
		{9381675C-8DE7-4CE2-ACAF-82DE62E597EE}.Release|Any CPU.ActiveCfg = Release|Any CPU
		{9381675C-8DE7-4CE2-ACAF-82DE62E597EE}.Release|Any CPU.Build.0 = Release|Any CPU
	EndGlobalSection
EndGlobal
