
Microsoft Visual Studio Solution File, Format Version 12.00
# Visual Studio Version 16
VisualStudioVersion = 16.0.30320.27
MinimumVisualStudioVersion = 10.0.40219.1
Project("{FAE04EC0-301F-11D3-BF4B-00C04F79EFBC}") = "VL.Timeline.Util", "VL.Timeline.Util.csproj", "{0D547307-1291-4266-B448-12E3A2AADF90}"
EndProject
Global
	GlobalSection(SolutionConfigurationPlatforms) = preSolution
		Debug|Any CPU = Debug|Any CPU
		Release|Any CPU = Release|Any CPU
	EndGlobalSection
	GlobalSection(ProjectConfigurationPlatforms) = postSolution
		{0D547307-1291-4266-B448-12E3A2AADF90}.Debug|Any CPU.ActiveCfg = Debug|Any CPU
		{0D547307-1291-4266-B448-12E3A2AADF90}.Debug|Any CPU.Build.0 = Debug|Any CPU
		{0D547307-1291-4266-B448-12E3A2AADF90}.Release|Any CPU.ActiveCfg = Release|Any CPU
		{0D547307-1291-4266-B448-12E3A2AADF90}.Release|Any CPU.Build.0 = Release|Any CPU
	EndGlobalSection
	GlobalSection(SolutionProperties) = preSolution
		HideSolutionNode = FALSE
	EndGlobalSection
	GlobalSection(ExtensibilityGlobals) = postSolution
		SolutionGuid = {8324EAB5-C50B-430D-991F-FF7E32E78C81}
	EndGlobalSection
EndGlobal
